
Microsoft Visual Studio Solution File, Format Version 12.00
# Visual Studio Version 16
VisualStudioVersion = 16.0.29709.97
MinimumVisualStudioVersion = 10.0.40219.1
Project("{FAE04EC0-301F-11D3-BF4B-00C04F79EFBC}") = "Brute force passwords", "Brute force passwords\Brute force passwords.csproj", "{9B36C713-6121-46DB-B8AC-FABBACAA8D4E}"
EndProject
Global
	GlobalSection(SolutionConfigurationPlatforms) = preSolution
		Debug|Any CPU = Debug|Any CPU
		Release|Any CPU = Release|Any CPU
	EndGlobalSection
	GlobalSection(ProjectConfigurationPlatforms) = postSolution
		{9B36C713-6121-46DB-B8AC-FABBACAA8D4E}.Debug|Any CPU.ActiveCfg = Debug|Any CPU
		{9B36C713-6121-46DB-B8AC-FABBACAA8D4E}.Debug|Any CPU.Build.0 = Debug|Any CPU
		{9B36C713-6121-46DB-B8AC-FABBACAA8D4E}.Release|Any CPU.ActiveCfg = Release|Any CPU
		{9B36C713-6121-46DB-B8AC-FABBACAA8D4E}.Release|Any CPU.Build.0 = Release|Any CPU
	EndGlobalSection
	GlobalSection(SolutionProperties) = preSolution
		HideSolutionNode = FALSE
	EndGlobalSection
	GlobalSection(ExtensibilityGlobals) = postSolution
		SolutionGuid = {C92CED5F-34A0-450B-979F-BD4349887A17}
	EndGlobalSection
EndGlobal
